
Microsoft Visual Studio Solution File, Format Version 12.00
# Visual Studio 2012
Project("{FAE04EC0-301F-11D3-BF4B-00C04F79EFBC}") = "NewDataTypes", "NewDataTypes\NewDataTypes.csproj", "{8CD7B88C-86A4-4BC7-BB47-F56CCC722772}"
EndProject
Global
	GlobalSection(SolutionConfigurationPlatforms) = preSolution
		Debug|Any CPU = Debug|Any CPU
		Release|Any CPU = Release|Any CPU
	EndGlobalSection
	GlobalSection(ProjectConfigurationPlatforms) = postSolution
		{8CD7B88C-86A4-4BC7-BB47-F56CCC722772}.Debug|Any CPU.ActiveCfg = Debug|Any CPU
		{8CD7B88C-86A4-4BC7-BB47-F56CCC722772}.Debug|Any CPU.Build.0 = Debug|Any CPU
		{8CD7B88C-86A4-4BC7-BB47-F56CCC722772}.Release|Any CPU.ActiveCfg = Release|Any CPU
		{8CD7B88C-86A4-4BC7-BB47-F56CCC722772}.Release|Any CPU.Build.0 = Release|Any CPU
	EndGlobalSection
	GlobalSection(SolutionProperties) = preSolution
		HideSolutionNode = FALSE
	EndGlobalSection
EndGlobal
